// !$*UTF8*$!
{
	archiveVersion = 1;
	classes = {
	};
	objectVersion = 56;
	objects = {

/* Begin PBXBuildFile section */
		A00000000000000000000011 /* ShecanApp.swift in Sources */ = {isa = PBXBuildFile; fileRef = A00000000000000000000001 /* ShecanApp.swift */; };
		A00000000000000000000012 /* AppModels.swift in Sources */ = {isa = PBXBuildFile; fileRef = A00000000000000000000002 /* AppModels.swift */; };
		A00000000000000000000013 /* KeychainHelper.swift in Sources */ = {isa = PBXBuildFile; fileRef = A00000000000000000000003 /* KeychainHelper.swift */; };
		A00000000000000000000014 /* DNSManager.swift in Sources */ = {isa = PBXBuildFile; fileRef = A00000000000000000000004 /* DNSManager.swift */; };
		A00000000000000000000015 /* LinkUpdaterService.swift in Sources */ = {isa = PBXBuildFile; fileRef = A00000000000000000000005 /* LinkUpdaterService.swift */; };
		A00000000000000000000016 /* AppViewModel.swift in Sources */ = {isa = PBXBuildFile; fileRef = A00000000000000000000006 /* AppViewModel.swift */; };
		A00000000000000000000017 /* DashboardView.swift in Sources */ = {isa = PBXBuildFile; fileRef = A00000000000000000000007 /* DashboardView.swift */; };
		A00000000000000000000018 /* MenuBarContentView.swift in Sources */ = {isa = PBXBuildFile; fileRef = A00000000000000000000008 /* MenuBarContentView.swift */; };
		A00000000000000000000019 /* PrivilegedHelperProtocol.swift in Sources */ = {isa = PBXBuildFile; fileRef = A0000000000000000000000B /* PrivilegedHelperProtocol.swift */; };
		A0000000000000000000001B /* PrivilegedHelperClient.swift in Sources */ = {isa = PBXBuildFile; fileRef = A0000000000000000000000C /* PrivilegedHelperClient.swift */; };
		A0000000000000000000001D /* Assets.xcassets in Resources */ = {isa = PBXBuildFile; fileRef = A0000000000000000000001E /* Assets.xcassets */; };
/* End PBXBuildFile section */

/* Begin PBXFileReference section */
		A00000000000000000000001 /* ShecanApp.swift */ = {isa = PBXFileReference; lastKnownFileType = sourcecode.swift; path = ShecanApp.swift; sourceTree = "<group>"; };
		A00000000000000000000002 /* AppModels.swift */ = {isa = PBXFileReference; lastKnownFileType = sourcecode.swift; path = AppModels.swift; sourceTree = "<group>"; };
		A00000000000000000000003 /* KeychainHelper.swift */ = {isa = PBXFileReference; lastKnownFileType = sourcecode.swift; path = KeychainHelper.swift; sourceTree = "<group>"; };
		A00000000000000000000004 /* DNSManager.swift */ = {isa = PBXFileReference; lastKnownFileType = sourcecode.swift; path = DNSManager.swift; sourceTree = "<group>"; };
		A00000000000000000000005 /* LinkUpdaterService.swift */ = {isa = PBXFileReference; lastKnownFileType = sourcecode.swift; path = LinkUpdaterService.swift; sourceTree = "<group>"; };
		A00000000000000000000006 /* AppViewModel.swift */ = {isa = PBXFileReference; lastKnownFileType = sourcecode.swift; path = AppViewModel.swift; sourceTree = "<group>"; };
		A00000000000000000000007 /* DashboardView.swift */ = {isa = PBXFileReference; lastKnownFileType = sourcecode.swift; path = DashboardView.swift; sourceTree = "<group>"; };
		A00000000000000000000008 /* MenuBarContentView.swift */ = {isa = PBXFileReference; lastKnownFileType = sourcecode.swift; path = MenuBarContentView.swift; sourceTree = "<group>"; };
		A00000000000000000000009 /* Info.plist */ = {isa = PBXFileReference; lastKnownFileType = text.plist.xml; path = Info.plist; sourceTree = "<group>"; };
		A0000000000000000000000A /* Shecan.app */ = {isa = PBXFileReference; explicitFileType = wrapper.application; includeInIndex = 0; path = Shecan.app; sourceTree = BUILT_PRODUCTS_DIR; };
		A0000000000000000000000B /* PrivilegedHelperProtocol.swift */ = {isa = PBXFileReference; lastKnownFileType = sourcecode.swift; path = PrivilegedHelperProtocol.swift; sourceTree = "<group>"; };
		A0000000000000000000000C /* PrivilegedHelperClient.swift */ = {isa = PBXFileReference; lastKnownFileType = sourcecode.swift; path = PrivilegedHelperClient.swift; sourceTree = "<group>"; };
		A0000000000000000000000D /* HelperMain.swift */ = {isa = PBXFileReference; lastKnownFileType = sourcecode.swift; path = HelperMain.swift; sourceTree = "<group>"; };
		A0000000000000000000000E /* PrivilegedHelperService.swift */ = {isa = PBXFileReference; lastKnownFileType = sourcecode.swift; path = PrivilegedHelperService.swift; sourceTree = "<group>"; };
		A0000000000000000000000F /* Helper-Info.plist */ = {isa = PBXFileReference; lastKnownFileType = text.plist.xml; path = Helper-Info.plist; sourceTree = "<group>"; };
		A00000000000000000000010 /* Helper-Launchd.plist */ = {isa = PBXFileReference; lastKnownFileType = text.plist.xml; path = Helper-Launchd.plist; sourceTree = "<group>"; };
		A0000000000000000000001C /* build-helper.sh */ = {isa = PBXFileReference; lastKnownFileType = text.script.sh; path = build-helper.sh; sourceTree = "<group>"; };
		A0000000000000000000001E /* Assets.xcassets */ = {isa = PBXFileReference; lastKnownFileType = folder.assetcatalog; path = Assets.xcassets; sourceTree = "<group>"; };
/* End PBXFileReference section */

/* Begin PBXFrameworksBuildPhase section */
		A0000000000000000000001A /* Frameworks */ = {
			isa = PBXFrameworksBuildPhase;
			buildActionMask = 2147483647;
			files = (
			);
			runOnlyForDeploymentPostprocessing = 0;
		};
/* End PBXFrameworksBuildPhase section */

/* Begin PBXGroup section */
		A00000000000000000000020 = {
			isa = PBXGroup;
			children = (
				A00000000000000000000021 /* Sources */,
				A00000000000000000000022 /* Products */,
			);
			sourceTree = "<group>";
		};
		A00000000000000000000021 /* Sources */ = {
			isa = PBXGroup;
			children = (
				A00000000000000000000023 /* App */,
				A00000000000000000000070 /* Features */,
				A00000000000000000000024 /* Services */,
				A00000000000000000000028 /* Shared */,
				A00000000000000000000029 /* Helper */,
				A00000000000000000000027 /* Resources */,
				A0000000000000000000002A /* BuildScripts */,
			);
			path = Sources;
			sourceTree = "<group>";
		};
		A00000000000000000000022 /* Products */ = {
			isa = PBXGroup;
			children = (
				A0000000000000000000000A /* Shecan.app */,
			);
			name = Products;
			sourceTree = "<group>";
		};
		A00000000000000000000023 /* App */ = {
			isa = PBXGroup;
			children = (
				A00000000000000000000001 /* ShecanApp.swift */,
				A00000000000000000000071 /* Models */,
				A00000000000000000000072 /* ViewModels */,
			);
			path = App;
			sourceTree = "<group>";
		};
		A00000000000000000000024 /* Services */ = {
			isa = PBXGroup;
			children = (
				A00000000000000000000073 /* DNS */,
				A00000000000000000000074 /* Updater */,
				A00000000000000000000075 /* Security */,
				A00000000000000000000076 /* Privileges */,
			);
			path = Services;
			sourceTree = "<group>";
		};
		A00000000000000000000027 /* Resources */ = {
			isa = PBXGroup;
			children = (
				A0000000000000000000001E /* Assets.xcassets */,
				A00000000000000000000078 /* App */,
				A00000000000000000000079 /* Helper */,
			);
			path = Resources;
			sourceTree = "<group>";
		};
		A00000000000000000000028 /* Shared */ = {
			isa = PBXGroup;
			children = (
				A00000000000000000000077 /* XPC */,
			);
			path = Shared;
			sourceTree = "<group>";
		};
		A00000000000000000000029 /* Helper */ = {
			isa = PBXGroup;
			children = (
				A0000000000000000000007A /* Sources */,
			);
			path = Helper;
			sourceTree = "<group>";
		};
		A0000000000000000000002A /* BuildScripts */ = {
			isa = PBXGroup;
			children = (
				A0000000000000000000001C /* build-helper.sh */,
			);
			path = ../Scripts;
			sourceTree = "<group>";
		};
		A00000000000000000000070 /* Features */ = {
			isa = PBXGroup;
			children = (
				A0000000000000000000007B /* Dashboard */,
				A0000000000000000000007C /* MenuBar */,
			);
			path = Features;
			sourceTree = "<group>";
		};
		A00000000000000000000071 /* Models */ = {
			isa = PBXGroup;
			children = (
				A00000000000000000000002 /* AppModels.swift */,
			);
			path = Models;
			sourceTree = "<group>";
		};
		A00000000000000000000072 /* ViewModels */ = {
			isa = PBXGroup;
			children = (
				A00000000000000000000006 /* AppViewModel.swift */,
			);
			path = ViewModels;
			sourceTree = "<group>";
		};
		A00000000000000000000073 /* DNS */ = {
			isa = PBXGroup;
			children = (
				A00000000000000000000004 /* DNSManager.swift */,
			);
			path = DNS;
			sourceTree = "<group>";
		};
		A00000000000000000000074 /* Updater */ = {
			isa = PBXGroup;
			children = (
				A00000000000000000000005 /* LinkUpdaterService.swift */,
			);
			path = Updater;
			sourceTree = "<group>";
		};
		A00000000000000000000075 /* Security */ = {
			isa = PBXGroup;
			children = (
				A00000000000000000000003 /* KeychainHelper.swift */,
			);
			path = Security;
			sourceTree = "<group>";
		};
		A00000000000000000000076 /* Privileges */ = {
			isa = PBXGroup;
			children = (
				A0000000000000000000000C /* PrivilegedHelperClient.swift */,
			);
			path = Privileges;
			sourceTree = "<group>";
		};
		A00000000000000000000077 /* XPC */ = {
			isa = PBXGroup;
			children = (
				A0000000000000000000000B /* PrivilegedHelperProtocol.swift */,
			);
			path = XPC;
			sourceTree = "<group>";
		};
		A00000000000000000000078 /* App */ = {
			isa = PBXGroup;
			children = (
				A00000000000000000000009 /* Info.plist */,
			);
			path = App;
			sourceTree = "<group>";
		};
		A00000000000000000000079 /* Helper */ = {
			isa = PBXGroup;
			children = (
				A0000000000000000000000F /* Helper-Info.plist */,
				A00000000000000000000010 /* Helper-Launchd.plist */,
			);
			path = Helper;
			sourceTree = "<group>";
		};
		A0000000000000000000007A /* Sources */ = {
			isa = PBXGroup;
			children = (
				A0000000000000000000000D /* HelperMain.swift */,
				A0000000000000000000000E /* PrivilegedHelperService.swift */,
			);
			path = Sources;
			sourceTree = "<group>";
		};
		A0000000000000000000007B /* Dashboard */ = {
			isa = PBXGroup;
			children = (
				A00000000000000000000007 /* DashboardView.swift */,
			);
			path = Dashboard;
			sourceTree = "<group>";
		};
		A0000000000000000000007C /* MenuBar */ = {
			isa = PBXGroup;
			children = (
				A00000000000000000000008 /* MenuBarContentView.swift */,
			);
			path = MenuBar;
			sourceTree = "<group>";
		};
/* End PBXGroup section */

/* Begin PBXNativeTarget section */
		A00000000000000000000030 /* Shecan */ = {
			isa = PBXNativeTarget;
			buildConfigurationList = A00000000000000000000040 /* Build configuration list for PBXNativeTarget "Shecan" */;
			buildPhases = (
				A00000000000000000000031 /* Sources */,
				A0000000000000000000001A /* Frameworks */,
				A00000000000000000000033 /* Build Privileged Helper */,
				A00000000000000000000032 /* Resources */,
			);
			buildRules = (
			);
			dependencies = (
			);
			name = Shecan;
			productName = Shecan;
			productReference = A0000000000000000000000A /* Shecan.app */;
			productType = "com.apple.product-type.application";
		};
/* End PBXNativeTarget section */

/* Begin PBXProject section */
		A00000000000000000000050 /* Project object */ = {
			isa = PBXProject;
			attributes = {
				BuildIndependentTargetsInParallel = 1;
				LastSwiftUpdateCheck = 1600;
				LastUpgradeCheck = 1600;
				TargetAttributes = {
					A00000000000000000000030 = {
						CreatedOnToolsVersion = 16.2;
					};
				};
			};
			buildConfigurationList = A00000000000000000000051 /* Build configuration list for PBXProject "Shecan" */;
			compatibilityVersion = "Xcode 14.0";
			developmentRegion = en;
			hasScannedForEncodings = 0;
			knownRegions = (
				en,
				Base,
			);
			mainGroup = A00000000000000000000020;
			productRefGroup = A00000000000000000000022 /* Products */;
			projectDirPath = "";
			projectRoot = "";
			targets = (
				A00000000000000000000030 /* Shecan */,
			);
		};
/* End PBXProject section */

/* Begin PBXResourcesBuildPhase section */
		A00000000000000000000032 /* Resources */ = {
			isa = PBXResourcesBuildPhase;
			buildActionMask = 2147483647;
			files = (
				A0000000000000000000001D /* Assets.xcassets in Resources */,
			);
			runOnlyForDeploymentPostprocessing = 0;
		};
/* End PBXResourcesBuildPhase section */

/* Begin PBXShellScriptBuildPhase section */
		A00000000000000000000033 /* Build Privileged Helper */ = {
			isa = PBXShellScriptBuildPhase;
			buildActionMask = 2147483647;
			files = (
			);
			inputFileListPaths = (
			);
			inputPaths = (
				"$(SRCROOT)/Scripts/build-helper.sh",
				"$(SRCROOT)/Sources/Shared/XPC/PrivilegedHelperProtocol.swift",
				"$(SRCROOT)/Sources/Helper/Sources/HelperMain.swift",
				"$(SRCROOT)/Sources/Helper/Sources/PrivilegedHelperService.swift",
				"$(SRCROOT)/Sources/Resources/Helper/Helper-Info.plist",
				"$(SRCROOT)/Sources/Resources/Helper/Helper-Launchd.plist",
			);
			name = "Build Privileged Helper";
			outputFileListPaths = (
			);
			outputPaths = (
				"$(TARGET_BUILD_DIR)/$(FULL_PRODUCT_NAME)/Contents/Library/LaunchServices/ir.shecan.desktop.helper",
			);
			runOnlyForDeploymentPostprocessing = 0;
			shellPath = /bin/sh;
			shellScript = "\"${SRCROOT}/Scripts/build-helper.sh\"";
		};
/* End PBXShellScriptBuildPhase section */

/* Begin PBXSourcesBuildPhase section */
		A00000000000000000000031 /* Sources */ = {
			isa = PBXSourcesBuildPhase;
			buildActionMask = 2147483647;
			files = (
				A00000000000000000000011 /* ShecanApp.swift in Sources */,
				A00000000000000000000012 /* AppModels.swift in Sources */,
				A00000000000000000000013 /* KeychainHelper.swift in Sources */,
				A00000000000000000000014 /* DNSManager.swift in Sources */,
				A00000000000000000000015 /* LinkUpdaterService.swift in Sources */,
				A00000000000000000000016 /* AppViewModel.swift in Sources */,
				A00000000000000000000017 /* DashboardView.swift in Sources */,
				A00000000000000000000018 /* MenuBarContentView.swift in Sources */,
				A00000000000000000000019 /* PrivilegedHelperProtocol.swift in Sources */,
				A0000000000000000000001B /* PrivilegedHelperClient.swift in Sources */,
			);
			runOnlyForDeploymentPostprocessing = 0;
		};
/* End PBXSourcesBuildPhase section */

/* Begin XCBuildConfiguration section */
		A00000000000000000000060 /* Debug */ = {
			isa = XCBuildConfiguration;
			buildSettings = {
				ALWAYS_SEARCH_USER_PATHS = NO;
				ASSETCATALOG_COMPILER_APPICON_NAME = AppIcon;
				CODE_SIGN_STYLE = Automatic;
				COMBINE_HIDPI_IMAGES = YES;
				CURRENT_PROJECT_VERSION = 2;
				ENABLE_APP_SANDBOX = NO;
				GENERATE_INFOPLIST_FILE = NO;
				INFOPLIST_FILE = Sources/Resources/App/Info.plist;
				MACOSX_DEPLOYMENT_TARGET = 13.0;
				PRODUCT_BUNDLE_IDENTIFIER = ir.shecan.desktop;
				PRODUCT_NAME = "$(TARGET_NAME)";
				SDKROOT = macosx;
				SWIFT_EMIT_LOC_STRINGS = YES;
				SWIFT_VERSION = 5.0;
			};
			name = Debug;
		};
		A00000000000000000000061 /* Release */ = {
			isa = XCBuildConfiguration;
			buildSettings = {
				ALWAYS_SEARCH_USER_PATHS = NO;
				ASSETCATALOG_COMPILER_APPICON_NAME = AppIcon;
				CODE_SIGN_STYLE = Automatic;
				COMBINE_HIDPI_IMAGES = YES;
				CURRENT_PROJECT_VERSION = 2;
				ENABLE_APP_SANDBOX = NO;
				GENERATE_INFOPLIST_FILE = NO;
				INFOPLIST_FILE = Sources/Resources/App/Info.plist;
				MACOSX_DEPLOYMENT_TARGET = 13.0;
				PRODUCT_BUNDLE_IDENTIFIER = ir.shecan.desktop;
				PRODUCT_NAME = "$(TARGET_NAME)";
				SDKROOT = macosx;
				SWIFT_EMIT_LOC_STRINGS = YES;
				SWIFT_OPTIMIZATION_LEVEL = "-O";
				SWIFT_VERSION = 5.0;
			};
			name = Release;
		};
		A00000000000000000000062 /* Debug */ = {
			isa = XCBuildConfiguration;
			buildSettings = {
				CODE_SIGN_STYLE = Automatic;
				SDKROOT = macosx;
			};
			name = Debug;
		};
		A00000000000000000000063 /* Release */ = {
			isa = XCBuildConfiguration;
			buildSettings = {
				CODE_SIGN_STYLE = Automatic;
				SDKROOT = macosx;
			};
			name = Release;
		};
/* End XCBuildConfiguration section */

/* Begin XCConfigurationList section */
		A00000000000000000000040 /* Build configuration list for PBXNativeTarget "Shecan" */ = {
			isa = XCConfigurationList;
			buildConfigurations = (
				A00000000000000000000060 /* Debug */,
				A00000000000000000000061 /* Release */,
			);
			defaultConfigurationIsVisible = 0;
			defaultConfigurationName = Release;
		};
		A00000000000000000000051 /* Build configuration list for PBXProject "Shecan" */ = {
			isa = XCConfigurationList;
			buildConfigurations = (
				A00000000000000000000062 /* Debug */,
				A00000000000000000000063 /* Release */,
			);
			defaultConfigurationIsVisible = 0;
			defaultConfigurationName = Release;
		};
/* End XCConfigurationList section */

	};
	rootObject = A00000000000000000000050 /* Project object */;
}
